
Microsoft Visual Studio Solution File, Format Version 12.00
# Visual Studio 2013
VisualStudioVersion = 12.0.31101.0
MinimumVisualStudioVersion = 10.0.40219.1
Project("{FAE04EC0-301F-11D3-BF4B-00C04F79EFBC}") = "Zongsoft.Externals.Aliyun.Samples", "Zongsoft.Externals.Aliyun.Samples.csproj", "{B0125B65-9AAB-4AE3-A148-8B2AC5CAC059}"
EndProject
Project("{FAE04EC0-301F-11D3-BF4B-00C04F79EFBC}") = "Zongsoft.Externals.Aliyun", "..\src\Zongsoft.Externals.Aliyun.csproj", "{0C8F8C5C-C8F7-4220-8522-EC9584195E14}"
EndProject
Project("{FAE04EC0-301F-11D3-BF4B-00C04F79EFBC}") = "Zongsoft.Externals.Aliyun.Tests", "..\tests\Zongsoft.Externals.Aliyun.Tests.csproj", "{D5706E25-34C7-4570-8D83-F0BB9AFE5C3F}"
EndProject
Global
	GlobalSection(SolutionConfigurationPlatforms) = preSolution
		Debug|Any CPU = Debug|Any CPU
		Release|Any CPU = Release|Any CPU
	EndGlobalSection
	GlobalSection(ProjectConfigurationPlatforms) = postSolution
		{B0125B65-9AAB-4AE3-A148-8B2AC5CAC059}.Debug|Any CPU.ActiveCfg = Debug|Any CPU
		{B0125B65-9AAB-4AE3-A148-8B2AC5CAC059}.Debug|Any CPU.Build.0 = Debug|Any CPU
		{B0125B65-9AAB-4AE3-A148-8B2AC5CAC059}.Release|Any CPU.ActiveCfg = Release|Any CPU
		{B0125B65-9AAB-4AE3-A148-8B2AC5CAC059}.Release|Any CPU.Build.0 = Release|Any CPU
		{0C8F8C5C-C8F7-4220-8522-EC9584195E14}.Debug|Any CPU.ActiveCfg = Debug|Any CPU
		{0C8F8C5C-C8F7-4220-8522-EC9584195E14}.Debug|Any CPU.Build.0 = Debug|Any CPU
		{0C8F8C5C-C8F7-4220-8522-EC9584195E14}.Release|Any CPU.ActiveCfg = Release|Any CPU
		{0C8F8C5C-C8F7-4220-8522-EC9584195E14}.Release|Any CPU.Build.0 = Release|Any CPU
		{D5706E25-34C7-4570-8D83-F0BB9AFE5C3F}.Debug|Any CPU.ActiveCfg = Debug|Any CPU
		{D5706E25-34C7-4570-8D83-F0BB9AFE5C3F}.Debug|Any CPU.Build.0 = Debug|Any CPU
		{D5706E25-34C7-4570-8D83-F0BB9AFE5C3F}.Release|Any CPU.ActiveCfg = Release|Any CPU
		{D5706E25-34C7-4570-8D83-F0BB9AFE5C3F}.Release|Any CPU.Build.0 = Release|Any CPU
	EndGlobalSection
	GlobalSection(SolutionProperties) = preSolution
		HideSolutionNode = FALSE
	EndGlobalSection
EndGlobal
